
Microsoft Visual Studio Solution File, Format Version 12.00
# Visual Studio Version 17
VisualStudioVersion = 17.2.32630.192
MinimumVisualStudioVersion = 10.0.40219.1
Project("{FAE04EC0-301F-11D3-BF4B-00C04F79EFBC}") = "SQL", "SQL\SQL.csproj", "{C6A82CD1-6933-481A-9651-3AD23AB021DE}"
EndProject
Global
	GlobalSection(SolutionConfigurationPlatforms) = preSolution
		Debug|Any CPU = Debug|Any CPU
		Release|Any CPU = Release|Any CPU
	EndGlobalSection
	GlobalSection(ProjectConfigurationPlatforms) = postSolution
		{C6A82CD1-6933-481A-9651-3AD23AB021DE}.Debug|Any CPU.ActiveCfg = Debug|Any CPU
		{C6A82CD1-6933-481A-9651-3AD23AB021DE}.Debug|Any CPU.Build.0 = Debug|Any CPU
		{C6A82CD1-6933-481A-9651-3AD23AB021DE}.Release|Any CPU.ActiveCfg = Release|Any CPU
		{C6A82CD1-6933-481A-9651-3AD23AB021DE}.Release|Any CPU.Build.0 = Release|Any CPU
	EndGlobalSection
	GlobalSection(SolutionProperties) = preSolution
		HideSolutionNode = FALSE
	EndGlobalSection
	GlobalSection(ExtensibilityGlobals) = postSolution
		SolutionGuid = {E5780429-DE81-4F44-A770-A22064E6217F}
	EndGlobalSection
EndGlobal
